// !$*UTF8*$!
{
	archiveVersion = 1;
	classes = {
	};
	objectVersion = 46;
	objects = {

/* Begin PBXBuildFile section */
		D21B78491D1D1904000E419E /* main.m in Sources */ = {isa = PBXBuildFile; fileRef = D21B78481D1D1904000E419E /* main.m */; };
		D21B784C1D1D1904000E419E /* AppDelegate.m in Sources */ = {isa = PBXBuildFile; fileRef = D21B784B1D1D1904000E419E /* AppDelegate.m */; };
		D21B784F1D1D1904000E419E /* ViewController.m in Sources */ = {isa = PBXBuildFile; fileRef = D21B784E1D1D1904000E419E /* ViewController.m */; };
		D21B78521D1D1904000E419E /* Main.storyboard in Resources */ = {isa = PBXBuildFile; fileRef = D21B78501D1D1904000E419E /* Main.storyboard */; };
		D21B78541D1D1904000E419E /* Assets.xcassets in Resources */ = {isa = PBXBuildFile; fileRef = D21B78531D1D1904000E419E /* Assets.xcassets */; };
		D21B78571D1D1904000E419E /* LaunchScreen.storyboard in Resources */ = {isa = PBXBuildFile; fileRef = D21B78551D1D1904000E419E /* LaunchScreen.storyboard */; };
		D21B78601D1D216C000E419E /* DonwloadOperation.m in Sources */ = {isa = PBXBuildFile; fileRef = D21B785F1D1D216C000E419E /* DonwloadOperation.m */; };
		D2E3C7181D20CBB900041398 /* OneViewController.m in Sources */ = {isa = PBXBuildFile; fileRef = D2E3C7171D20CBB900041398 /* OneViewController.m */; };
/* End PBXBuildFile section */

/* Begin PBXFileReference section */
		D21B78441D1D1904000E419E /* NSProgressDemo2.app */ = {isa = PBXFileReference; explicitFileType = wrapper.application; includeInIndex = 0; path = NSProgressDemo2.app; sourceTree = BUILT_PRODUCTS_DIR; };
		D21B78481D1D1904000E419E /* main.m */ = {isa = PBXFileReference; lastKnownFileType = sourcecode.c.objc; path = main.m; sourceTree = "<group>"; };
		D21B784A1D1D1904000E419E /* AppDelegate.h */ = {isa = PBXFileReference; lastKnownFileType = sourcecode.c.h; path = AppDelegate.h; sourceTree = "<group>"; };
		D21B784B1D1D1904000E419E /* AppDelegate.m */ = {isa = PBXFileReference; lastKnownFileType = sourcecode.c.objc; path = AppDelegate.m; sourceTree = "<group>"; };
		D21B784D1D1D1904000E419E /* ViewController.h */ = {isa = PBXFileReference; lastKnownFileType = sourcecode.c.h; path = ViewController.h; sourceTree = "<group>"; };
		D21B784E1D1D1904000E419E /* ViewController.m */ = {isa = PBXFileReference; lastKnownFileType = sourcecode.c.objc; path = ViewController.m; sourceTree = "<group>"; };
		D21B78511D1D1904000E419E /* Base */ = {isa = PBXFileReference; lastKnownFileType = file.storyboard; name = Base; path = Base.lproj/Main.storyboard; sourceTree = "<group>"; };
		D21B78531D1D1904000E419E /* Assets.xcassets */ = {isa = PBXFileReference; lastKnownFileType = folder.assetcatalog; path = Assets.xcassets; sourceTree = "<group>"; };
		D21B78561D1D1904000E419E /* Base */ = {isa = PBXFileReference; lastKnownFileType = file.storyboard; name = Base; path = Base.lproj/LaunchScreen.storyboard; sourceTree = "<group>"; };
		D21B78581D1D1904000E419E /* Info.plist */ = {isa = PBXFileReference; lastKnownFileType = text.plist.xml; path = Info.plist; sourceTree = "<group>"; };
		D21B785E1D1D216C000E419E /* DonwloadOperation.h */ = {isa = PBXFileReference; fileEncoding = 4; lastKnownFileType = sourcecode.c.h; path = DonwloadOperation.h; sourceTree = "<group>"; };
		D21B785F1D1D216C000E419E /* DonwloadOperation.m */ = {isa = PBXFileReference; fileEncoding = 4; lastKnownFileType = sourcecode.c.objc; path = DonwloadOperation.m; sourceTree = "<group>"; };
		D2E3C7161D20CBB900041398 /* OneViewController.h */ = {isa = PBXFileReference; fileEncoding = 4; lastKnownFileType = sourcecode.c.h; path = OneViewController.h; sourceTree = "<group>"; };
		D2E3C7171D20CBB900041398 /* OneViewController.m */ = {isa = PBXFileReference; fileEncoding = 4; lastKnownFileType = sourcecode.c.objc; path = OneViewController.m; sourceTree = "<group>"; };
/* End PBXFileReference section */

/* Begin PBXFrameworksBuildPhase section */
		D21B78411D1D1904000E419E /* Frameworks */ = {
			isa = PBXFrameworksBuildPhase;
			buildActionMask = 2147483647;
			files = (
			);
			runOnlyForDeploymentPostprocessing = 0;
		};
/* End PBXFrameworksBuildPhase section */

/* Begin PBXGroup section */
		D21B783B1D1D1904000E419E = {
			isa = PBXGroup;
			children = (
				D21B78461D1D1904000E419E /* NSProgressDemo2 */,
				D21B78451D1D1904000E419E /* Products */,
			);
			sourceTree = "<group>";
		};
		D21B78451D1D1904000E419E /* Products */ = {
			isa = PBXGroup;
			children = (
				D21B78441D1D1904000E419E /* NSProgressDemo2.app */,
			);
			name = Products;
			sourceTree = "<group>";
		};
		D21B78461D1D1904000E419E /* NSProgressDemo2 */ = {
			isa = PBXGroup;
			children = (
				D21B784A1D1D1904000E419E /* AppDelegate.h */,
				D21B784B1D1D1904000E419E /* AppDelegate.m */,
				D2E3C7161D20CBB900041398 /* OneViewController.h */,
				D2E3C7171D20CBB900041398 /* OneViewController.m */,
				D21B784D1D1D1904000E419E /* ViewController.h */,
				D21B784E1D1D1904000E419E /* ViewController.m */,
				D21B785E1D1D216C000E419E /* DonwloadOperation.h */,
				D21B785F1D1D216C000E419E /* DonwloadOperation.m */,
				D21B78501D1D1904000E419E /* Main.storyboard */,
				D21B78531D1D1904000E419E /* Assets.xcassets */,
				D21B78551D1D1904000E419E /* LaunchScreen.storyboard */,
				D21B78581D1D1904000E419E /* Info.plist */,
				D21B78471D1D1904000E419E /* Supporting Files */,
			);
			path = NSProgressDemo2;
			sourceTree = "<group>";
		};
		D21B78471D1D1904000E419E /* Supporting Files */ = {
			isa = PBXGroup;
			children = (
				D21B78481D1D1904000E419E /* main.m */,
			);
			name = "Supporting Files";
			sourceTree = "<group>";
		};
/* End PBXGroup section */

/* Begin PBXNativeTarget section */
		D21B78431D1D1904000E419E /* NSProgressDemo2 */ = {
			isa = PBXNativeTarget;
			buildConfigurationList = D21B785B1D1D1904000E419E /* Build configuration list for PBXNativeTarget "NSProgressDemo2" */;
			buildPhases = (
				D21B78401D1D1904000E419E /* Sources */,
				D21B78411D1D1904000E419E /* Frameworks */,
				D21B78421D1D1904000E419E /* Resources */,
			);
			buildRules = (
			);
			dependencies = (
			);
			name = NSProgressDemo2;
			productName = NSProgressDemo2;
			productReference = D21B78441D1D1904000E419E /* NSProgressDemo2.app */;
			productType = "com.apple.product-type.application";
		};
/* End PBXNativeTarget section */

/* Begin PBXProject section */
		D21B783C1D1D1904000E419E /* Project object */ = {
			isa = PBXProject;
			attributes = {
				LastUpgradeCheck = 0730;
				ORGANIZATIONNAME = gongxin;
				TargetAttributes = {
					D21B78431D1D1904000E419E = {
						CreatedOnToolsVersion = 7.3;
					};
				};
			};
			buildConfigurationList = D21B783F1D1D1904000E419E /* Build configuration list for PBXProject "NSProgressDemo2" */;
			compatibilityVersion = "Xcode 3.2";
			developmentRegion = English;
			hasScannedForEncodings = 0;
			knownRegions = (
				en,
				Base,
			);
			mainGroup = D21B783B1D1D1904000E419E;
			productRefGroup = D21B78451D1D1904000E419E /* Products */;
			projectDirPath = "";
			projectRoot = "";
			targets = (
				D21B78431D1D1904000E419E /* NSProgressDemo2 */,
			);
		};
/* End PBXProject section */

/* Begin PBXResourcesBuildPhase section */
		D21B78421D1D1904000E419E /* Resources */ = {
			isa = PBXResourcesBuildPhase;
			buildActionMask = 2147483647;
			files = (
				D21B78571D1D1904000E419E /* LaunchScreen.storyboard in Resources */,
				D21B78541D1D1904000E419E /* Assets.xcassets in Resources */,
				D21B78521D1D1904000E419E /* Main.storyboard in Resources */,
			);
			runOnlyForDeploymentPostprocessing = 0;
		};
/* End PBXResourcesBuildPhase section */

/* Begin PBXSourcesBuildPhase section */
		D21B78401D1D1904000E419E /* Sources */ = {
			isa = PBXSourcesBuildPhase;
			buildActionMask = 2147483647;
			files = (
				D21B784F1D1D1904000E419E /* ViewController.m in Sources */,
				D2E3C7181D20CBB900041398 /* OneViewController.m in Sources */,
				D21B784C1D1D1904000E419E /* AppDelegate.m in Sources */,
				D21B78491D1D1904000E419E /* main.m in Sources */,
				D21B78601D1D216C000E419E /* DonwloadOperation.m in Sources */,
			);
			runOnlyForDeploymentPostprocessing = 0;
		};
/* End PBXSourcesBuildPhase section */

/* Begin PBXVariantGroup section */
		D21B78501D1D1904000E419E /* Main.storyboard */ = {
			isa = PBXVariantGroup;
			children = (
				D21B78511D1D1904000E419E /* Base */,
			);
			name = Main.storyboard;
			sourceTree = "<group>";
		};
		D21B78551D1D1904000E419E /* LaunchScreen.storyboard */ = {
			isa = PBXVariantGroup;
			children = (
				D21B78561D1D1904000E419E /* Base */,
			);
			name = LaunchScreen.storyboard;
			sourceTree = "<group>";
		};
/* End PBXVariantGroup section */

/* Begin XCBuildConfiguration section */
		D21B78591D1D1904000E419E /* Debug */ = {
			isa = XCBuildConfiguration;
			buildSettings = {
				ALWAYS_SEARCH_USER_PATHS = NO;
				CLANG_ANALYZER_NONNULL = YES;
				CLANG_CXX_LANGUAGE_STANDARD = "gnu++0x";
				CLANG_CXX_LIBRARY = "libc++";
				CLANG_ENABLE_MODULES = YES;
				CLANG_ENABLE_OBJC_ARC = YES;
				CLANG_WARN_BOOL_CONVERSION = YES;
				CLANG_WARN_CONSTANT_CONVERSION = YES;
				CLANG_WARN_DIRECT_OBJC_ISA_USAGE = YES_ERROR;
				CLANG_WARN_EMPTY_BODY = YES;
				CLANG_WARN_ENUM_CONVERSION = YES;
				CLANG_WARN_INT_CONVERSION = YES;
				CLANG_WARN_OBJC_ROOT_CLASS = YES_ERROR;
				CLANG_WARN_UNREACHABLE_CODE = YES;
				CLANG_WARN__DUPLICATE_METHOD_MATCH = YES;
				"CODE_SIGN_IDENTITY[sdk=iphoneos*]" = "iPhone Developer";
				COPY_PHASE_STRIP = NO;
				DEBUG_INFORMATION_FORMAT = dwarf;
				ENABLE_STRICT_OBJC_MSGSEND = YES;
				ENABLE_TESTABILITY = YES;
				GCC_C_LANGUAGE_STANDARD = gnu99;
				GCC_DYNAMIC_NO_PIC = NO;
				GCC_NO_COMMON_BLOCKS = YES;
				GCC_OPTIMIZATION_LEVEL = 0;
				GCC_PREPROCESSOR_DEFINITIONS = (
					"DEBUG=1",
					"$(inherited)",
				);
				GCC_WARN_64_TO_32_BIT_CONVERSION = YES;
				GCC_WARN_ABOUT_RETURN_TYPE = YES_ERROR;
				GCC_WARN_UNDECLARED_SELECTOR = YES;
				GCC_WARN_UNINITIALIZED_AUTOS = YES_AGGRESSIVE;
				GCC_WARN_UNUSED_FUNCTION = YES;
				GCC_WARN_UNUSED_VARIABLE = YES;
				IPHONEOS_DEPLOYMENT_TARGET = 9.3;
				MTL_ENABLE_DEBUG_INFO = YES;
				ONLY_ACTIVE_ARCH = YES;
				SDKROOT = iphoneos;
				TARGETED_DEVICE_FAMILY = "1,2";
			};
			name = Debug;
		};
		D21B785A1D1D1904000E419E /* Release */ = {
			isa = XCBuildConfiguration;
			buildSettings = {
				ALWAYS_SEARCH_USER_PATHS = NO;
				CLANG_ANALYZER_NONNULL = YES;
				CLANG_CXX_LANGUAGE_STANDARD = "gnu++0x";
				CLANG_CXX_LIBRARY = "libc++";
				CLANG_ENABLE_MODULES = YES;
				CLANG_ENABLE_OBJC_ARC = YES;
				CLANG_WARN_BOOL_CONVERSION = YES;
				CLANG_WARN_CONSTANT_CONVERSION = YES;
				CLANG_WARN_DIRECT_OBJC_ISA_USAGE = YES_ERROR;
				CLANG_WARN_EMPTY_BODY = YES;
				CLANG_WARN_ENUM_CONVERSION = YES;
				CLANG_WARN_INT_CONVERSION = YES;
				CLANG_WARN_OBJC_ROOT_CLASS = YES_ERROR;
				CLANG_WARN_UNREACHABLE_CODE = YES;
				CLANG_WARN__DUPLICATE_METHOD_MATCH = YES;
				"CODE_SIGN_IDENTITY[sdk=iphoneos*]" = "iPhone Developer";
				COPY_PHASE_STRIP = NO;
				DEBUG_INFORMATION_FORMAT = "dwarf-with-dsym";
				ENABLE_NS_ASSERTIONS = NO;
				ENABLE_STRICT_OBJC_MSGSEND = YES;
				GCC_C_LANGUAGE_STANDARD = gnu99;
				GCC_NO_COMMON_BLOCKS = YES;
				GCC_WARN_64_TO_32_BIT_CONVERSION = YES;
				GCC_WARN_ABOUT_RETURN_TYPE = YES_ERROR;
				GCC_WARN_UNDECLARED_SELECTOR = YES;
				GCC_WARN_UNINITIALIZED_AUTOS = YES_AGGRESSIVE;
				GCC_WARN_UNUSED_FUNCTION = YES;
				GCC_WARN_UNUSED_VARIABLE = YES;
				IPHONEOS_DEPLOYMENT_TARGET = 9.3;
				MTL_ENABLE_DEBUG_INFO = NO;
				SDKROOT = iphoneos;
				TARGETED_DEVICE_FAMILY = "1,2";
				VALIDATE_PRODUCT = YES;
			};
			name = Release;
		};
		D21B785C1D1D1904000E419E /* Debug */ = {
			isa = XCBuildConfiguration;
			buildSettings = {
				ASSETCATALOG_COMPILER_APPICON_NAME = AppIcon;
				INFOPLIST_FILE = NSProgressDemo2/Info.plist;
				LD_RUNPATH_SEARCH_PATHS = "$(inherited) @executable_path/Frameworks";
				PRODUCT_BUNDLE_IDENTIFIER = ah.NSProgressDemo2;
				PRODUCT_NAME = "$(TARGET_NAME)";
			};
			name = Debug;
		};
		D21B785D1D1D1904000E419E /* Release */ = {
			isa = XCBuildConfiguration;
			buildSettings = {
				ASSETCATALOG_COMPILER_APPICON_NAME = AppIcon;
				INFOPLIST_FILE = NSProgressDemo2/Info.plist;
				LD_RUNPATH_SEARCH_PATHS = "$(inherited) @executable_path/Frameworks";
				PRODUCT_BUNDLE_IDENTIFIER = ah.NSProgressDemo2;
				PRODUCT_NAME = "$(TARGET_NAME)";
			};
			name = Release;
		};
/* End XCBuildConfiguration section */

/* Begin XCConfigurationList section */
		D21B783F1D1D1904000E419E /* Build configuration list for PBXProject "NSProgressDemo2" */ = {
			isa = XCConfigurationList;
			buildConfigurations = (
				D21B78591D1D1904000E419E /* Debug */,
				D21B785A1D1D1904000E419E /* Release */,
			);
			defaultConfigurationIsVisible = 0;
			defaultConfigurationName = Release;
		};
		D21B785B1D1D1904000E419E /* Build configuration list for PBXNativeTarget "NSProgressDemo2" */ = {
			isa = XCConfigurationList;
			buildConfigurations = (
				D21B785C1D1D1904000E419E /* Debug */,
				D21B785D1D1D1904000E419E /* Release */,
			);
			defaultConfigurationIsVisible = 0;
			defaultConfigurationName = Release;
		};
/* End XCConfigurationList section */
	};
	rootObject = D21B783C1D1D1904000E419E /* Project object */;
}
